
Microsoft Visual Studio Solution File, Format Version 12.00
# Visual Studio Version 17
VisualStudioVersion = 17.11.35303.130
MinimumVisualStudioVersion = 10.0.40219.1
Project("{2150E333-8FDC-42A3-9474-1A3956D46DE8}") = "Task0", "Task0", "{195A1914-61D0-42D0-844F-0932A91EE0CA}"
EndProject
Project("{FAE04EC0-301F-11D3-BF4B-00C04F79EFBC}") = "Tyuiu.UhalovAK.Sprint1.Task0.V25.Test", "Tyuiu.UhalovAK.Sprint1.Task0.V25.Test\Tyuiu.UhalovAK.Sprint1.Task0.V25.Test.csproj", "{A24C6B35-2EFD-4D03-A87A-20429C92587B}"
EndProject
Project("{FAE04EC0-301F-11D3-BF4B-00C04F79EFBC}") = "Tyuiu.UhalovAK.Sprint1.Task0.V25.Lib", "Tyuiu.UhalovAK.Sprint1.Task0.V25.Lib\Tyuiu.UhalovAK.Sprint1.Task0.V25.Lib.csproj", "{4D00A7DC-A641-4A58-B765-BC2098DA7DB1}"
EndProject
Project("{FAE04EC0-301F-11D3-BF4B-00C04F79EFBC}") = "Tyuiu.UhalovAK.Sprint1.Task0.V25", "Tyuiu.UhalovAK.Sprint1.Task0.V25\Tyuiu.UhalovAK.Sprint1.Task0.V25.csproj", "{ECA9CB80-1DF1-4F06-83F7-E7E72B208077}"
EndProject
Project("{2150E333-8FDC-42A3-9474-1A3956D46DE8}") = "Task1", "Task1", "{D17FD2B9-05B9-4CC6-BBC3-94FA344BCF09}"
EndProject
Project("{FAE04EC0-301F-11D3-BF4B-00C04F79EFBC}") = "Tyuiu.UhalovAK.Sprint1.Task1.V30", "Tyuiu.UhalovAK.Sprint1.Task1.V30\Tyuiu.UhalovAK.Sprint1.Task1.V30.csproj", "{EDF04313-3C6C-4BE9-8A82-E70661727CB0}"
EndProject
Project("{FAE04EC0-301F-11D3-BF4B-00C04F79EFBC}") = "Tyuiu.UhalovAK.Sprint1.Task1.V30.Lib", "Tyuiu.UhalovAK.Sprint1.Task1.V30.Lib\Tyuiu.UhalovAK.Sprint1.Task1.V30.Lib.csproj", "{CDBB56C2-12A9-4A94-A712-C4873ACB0B48}"
EndProject
Project("{FAE04EC0-301F-11D3-BF4B-00C04F79EFBC}") = "Tyuiu.UhalovAK.Sprint1.Task1.V30.Test", "Tyuiu.UhalovAK.Sprint1.Task1.V30.Test\Tyuiu.UhalovAK.Sprint1.Task1.V30.Test.csproj", "{AC5CC527-0181-4C14-871E-12A39C1C5ED3}"
EndProject
Project("{2150E333-8FDC-42A3-9474-1A3956D46DE8}") = "Task2", "Task2", "{382CF308-6CF0-4EA7-B018-2489026AAA44}"
EndProject
Project("{FAE04EC0-301F-11D3-BF4B-00C04F79EFBC}") = "Tyuiu.UhalovAK.Sprint1.Task2.V26", "Tyuiu.UhalovAK.Sprint1.Task2.V26\Tyuiu.UhalovAK.Sprint1.Task2.V26.csproj", "{C5C9B47A-0382-48A8-8640-E1CC97749587}"
EndProject
Project("{FAE04EC0-301F-11D3-BF4B-00C04F79EFBC}") = "Tyuiu.UhalovAK.Sprint1.Task2.V26.Lib", "Tyuiu.UhalovAK.Sprint1.Task2.V26.Lib\Tyuiu.UhalovAK.Sprint1.Task2.V26.Lib.csproj", "{DF9B5F5D-67DB-4DCA-BED6-DDD99F91C2C0}"
EndProject
Project("{FAE04EC0-301F-11D3-BF4B-00C04F79EFBC}") = "Tyuiu.UhalovAK.Sprint1.Task2.V26.Test", "Tyuiu.UhalovAK.Sprint1.Task2.V26.Test\Tyuiu.UhalovAK.Sprint1.Task2.V26.Test.csproj", "{481F4159-B21C-4ED6-A785-D34FD7A16E08}"
EndProject
Project("{2150E333-8FDC-42A3-9474-1A3956D46DE8}") = "Task3", "Task3", "{75FCC5F1-C8FE-4B36-9343-CCD70256E374}"
EndProject
Project("{FAE04EC0-301F-11D3-BF4B-00C04F79EFBC}") = "Tyuiu.UhalovAK.Sprint1.Task3.V8", "Tyuiu.UhalovAK.Sprint1.Task3.V8\Tyuiu.UhalovAK.Sprint1.Task3.V8.csproj", "{3A7D6D9A-53CC-4EE8-9434-C506092CE57C}"
EndProject
Project("{FAE04EC0-301F-11D3-BF4B-00C04F79EFBC}") = "Tyuiu.UhalovAK.Sprint1.Task3.V8.Lib", "Tyuiu.UhalovAK.Sprint1.Task3.V8.Lib\Tyuiu.UhalovAK.Sprint1.Task3.V8.Lib.csproj", "{BE5C5427-B2BD-4148-9BD0-6C3840313610}"
EndProject
Project("{FAE04EC0-301F-11D3-BF4B-00C04F79EFBC}") = "Tyuiu.UhalovAK.Sprint1.Task3.V8.Test", "Tyuiu.UhalovAK.Sprint1.Task3.V8.Test\Tyuiu.UhalovAK.Sprint1.Task3.V8.Test.csproj", "{7BB8E177-34DB-4D5A-9ABD-B832C6CA5326}"
EndProject
Global
	GlobalSection(SolutionConfigurationPlatforms) = preSolution
		Debug|Any CPU = Debug|Any CPU
		Release|Any CPU = Release|Any CPU
	EndGlobalSection
	GlobalSection(ProjectConfigurationPlatforms) = postSolution
		{A24C6B35-2EFD-4D03-A87A-20429C92587B}.Debug|Any CPU.ActiveCfg = Debug|Any CPU
		{A24C6B35-2EFD-4D03-A87A-20429C92587B}.Debug|Any CPU.Build.0 = Debug|Any CPU
		{A24C6B35-2EFD-4D03-A87A-20429C92587B}.Release|Any CPU.ActiveCfg = Release|Any CPU
		{A24C6B35-2EFD-4D03-A87A-20429C92587B}.Release|Any CPU.Build.0 = Release|Any CPU
		{4D00A7DC-A641-4A58-B765-BC2098DA7DB1}.Debug|Any CPU.ActiveCfg = Debug|Any CPU
		{4D00A7DC-A641-4A58-B765-BC2098DA7DB1}.Debug|Any CPU.Build.0 = Debug|Any CPU
		{4D00A7DC-A641-4A58-B765-BC2098DA7DB1}.Release|Any CPU.ActiveCfg = Release|Any CPU
		{4D00A7DC-A641-4A58-B765-BC2098DA7DB1}.Release|Any CPU.Build.0 = Release|Any CPU
		{ECA9CB80-1DF1-4F06-83F7-E7E72B208077}.Debug|Any CPU.ActiveCfg = Debug|Any CPU
		{ECA9CB80-1DF1-4F06-83F7-E7E72B208077}.Debug|Any CPU.Build.0 = Debug|Any CPU
		{ECA9CB80-1DF1-4F06-83F7-E7E72B208077}.Release|Any CPU.ActiveCfg = Release|Any CPU
		{ECA9CB80-1DF1-4F06-83F7-E7E72B208077}.Release|Any CPU.Build.0 = Release|Any CPU
		{EDF04313-3C6C-4BE9-8A82-E70661727CB0}.Debug|Any CPU.ActiveCfg = Debug|Any CPU
		{EDF04313-3C6C-4BE9-8A82-E70661727CB0}.Debug|Any CPU.Build.0 = Debug|Any CPU
		{EDF04313-3C6C-4BE9-8A82-E70661727CB0}.Release|Any CPU.ActiveCfg = Release|Any CPU
		{EDF04313-3C6C-4BE9-8A82-E70661727CB0}.Release|Any CPU.Build.0 = Release|Any CPU
		{CDBB56C2-12A9-4A94-A712-C4873ACB0B48}.Debug|Any CPU.ActiveCfg = Debug|Any CPU
		{CDBB56C2-12A9-4A94-A712-C4873ACB0B48}.Debug|Any CPU.Build.0 = Debug|Any CPU
		{CDBB56C2-12A9-4A94-A712-C4873ACB0B48}.Release|Any CPU.ActiveCfg = Release|Any CPU
		{CDBB56C2-12A9-4A94-A712-C4873ACB0B48}.Release|Any CPU.Build.0 = Release|Any CPU
		{AC5CC527-0181-4C14-871E-12A39C1C5ED3}.Debug|Any CPU.ActiveCfg = Debug|Any CPU
		{AC5CC527-0181-4C14-871E-12A39C1C5ED3}.Debug|Any CPU.Build.0 = Debug|Any CPU
		{AC5CC527-0181-4C14-871E-12A39C1C5ED3}.Release|Any CPU.ActiveCfg = Release|Any CPU
		{AC5CC527-0181-4C14-871E-12A39C1C5ED3}.Release|Any CPU.Build.0 = Release|Any CPU
		{C5C9B47A-0382-48A8-8640-E1CC97749587}.Debug|Any CPU.ActiveCfg = Debug|Any CPU
		{C5C9B47A-0382-48A8-8640-E1CC97749587}.Debug|Any CPU.Build.0 = Debug|Any CPU
		{C5C9B47A-0382-48A8-8640-E1CC97749587}.Release|Any CPU.ActiveCfg = Release|Any CPU
		{C5C9B47A-0382-48A8-8640-E1CC97749587}.Release|Any CPU.Build.0 = Release|Any CPU
		{DF9B5F5D-67DB-4DCA-BED6-DDD99F91C2C0}.Debug|Any CPU.ActiveCfg = Debug|Any CPU
		{DF9B5F5D-67DB-4DCA-BED6-DDD99F91C2C0}.Debug|Any CPU.Build.0 = Debug|Any CPU
		{DF9B5F5D-67DB-4DCA-BED6-DDD99F91C2C0}.Release|Any CPU.ActiveCfg = Release|Any CPU
		{DF9B5F5D-67DB-4DCA-BED6-DDD99F91C2C0}.Release|Any CPU.Build.0 = Release|Any CPU
		{481F4159-B21C-4ED6-A785-D34FD7A16E08}.Debug|Any CPU.ActiveCfg = Debug|Any CPU
		{481F4159-B21C-4ED6-A785-D34FD7A16E08}.Debug|Any CPU.Build.0 = Debug|Any CPU
		{481F4159-B21C-4ED6-A785-D34FD7A16E08}.Release|Any CPU.ActiveCfg = Release|Any CPU
		{481F4159-B21C-4ED6-A785-D34FD7A16E08}.Release|Any CPU.Build.0 = Release|Any CPU
		{3A7D6D9A-53CC-4EE8-9434-C506092CE57C}.Debug|Any CPU.ActiveCfg = Debug|Any CPU
		{3A7D6D9A-53CC-4EE8-9434-C506092CE57C}.Debug|Any CPU.Build.0 = Debug|Any CPU
		{3A7D6D9A-53CC-4EE8-9434-C506092CE57C}.Release|Any CPU.ActiveCfg = Release|Any CPU
		{3A7D6D9A-53CC-4EE8-9434-C506092CE57C}.Release|Any CPU.Build.0 = Release|Any CPU
		{BE5C5427-B2BD-4148-9BD0-6C3840313610}.Debug|Any CPU.ActiveCfg = Debug|Any CPU
		{BE5C5427-B2BD-4148-9BD0-6C3840313610}.Debug|Any CPU.Build.0 = Debug|Any CPU
		{BE5C5427-B2BD-4148-9BD0-6C3840313610}.Release|Any CPU.ActiveCfg = Release|Any CPU
		{BE5C5427-B2BD-4148-9BD0-6C3840313610}.Release|Any CPU.Build.0 = Release|Any CPU
		{7BB8E177-34DB-4D5A-9ABD-B832C6CA5326}.Debug|Any CPU.ActiveCfg = Debug|Any CPU
		{7BB8E177-34DB-4D5A-9ABD-B832C6CA5326}.Debug|Any CPU.Build.0 = Debug|Any CPU
		{7BB8E177-34DB-4D5A-9ABD-B832C6CA5326}.Release|Any CPU.ActiveCfg = Release|Any CPU
		{7BB8E177-34DB-4D5A-9ABD-B832C6CA5326}.Release|Any CPU.Build.0 = Release|Any CPU
	EndGlobalSection
	GlobalSection(SolutionProperties) = preSolution
		HideSolutionNode = FALSE
	EndGlobalSection
	GlobalSection(NestedProjects) = preSolution
		{A24C6B35-2EFD-4D03-A87A-20429C92587B} = {195A1914-61D0-42D0-844F-0932A91EE0CA}
		{4D00A7DC-A641-4A58-B765-BC2098DA7DB1} = {195A1914-61D0-42D0-844F-0932A91EE0CA}
		{ECA9CB80-1DF1-4F06-83F7-E7E72B208077} = {195A1914-61D0-42D0-844F-0932A91EE0CA}
		{EDF04313-3C6C-4BE9-8A82-E70661727CB0} = {D17FD2B9-05B9-4CC6-BBC3-94FA344BCF09}
		{CDBB56C2-12A9-4A94-A712-C4873ACB0B48} = {D17FD2B9-05B9-4CC6-BBC3-94FA344BCF09}
		{AC5CC527-0181-4C14-871E-12A39C1C5ED3} = {D17FD2B9-05B9-4CC6-BBC3-94FA344BCF09}
		{C5C9B47A-0382-48A8-8640-E1CC97749587} = {382CF308-6CF0-4EA7-B018-2489026AAA44}
		{DF9B5F5D-67DB-4DCA-BED6-DDD99F91C2C0} = {382CF308-6CF0-4EA7-B018-2489026AAA44}
		{481F4159-B21C-4ED6-A785-D34FD7A16E08} = {382CF308-6CF0-4EA7-B018-2489026AAA44}
		{3A7D6D9A-53CC-4EE8-9434-C506092CE57C} = {75FCC5F1-C8FE-4B36-9343-CCD70256E374}
		{BE5C5427-B2BD-4148-9BD0-6C3840313610} = {75FCC5F1-C8FE-4B36-9343-CCD70256E374}
		{7BB8E177-34DB-4D5A-9ABD-B832C6CA5326} = {75FCC5F1-C8FE-4B36-9343-CCD70256E374}
	EndGlobalSection
	GlobalSection(ExtensibilityGlobals) = postSolution
		SolutionGuid = {243984C2-35DE-4972-9D2E-552AD26D8F8A}
	EndGlobalSection
EndGlobal
